
Microsoft Visual Studio Solution File, Format Version 12.00
# Visual Studio 2012
Project("{FAE04EC0-301F-11D3-BF4B-00C04F79EFBC}") = "2.Dönem 2Uygulama", "2.Dönem 2Uygulama\2.Dönem 2Uygulama.csproj", "{670BA20E-5B84-4828-9CF5-FDBE4DFAB631}"
EndProject
Global
	GlobalSection(SolutionConfigurationPlatforms) = preSolution
		Debug|Any CPU = Debug|Any CPU
		Release|Any CPU = Release|Any CPU
	EndGlobalSection
	GlobalSection(ProjectConfigurationPlatforms) = postSolution
		{670BA20E-5B84-4828-9CF5-FDBE4DFAB631}.Debug|Any CPU.ActiveCfg = Debug|Any CPU
		{670BA20E-5B84-4828-9CF5-FDBE4DFAB631}.Debug|Any CPU.Build.0 = Debug|Any CPU
		{670BA20E-5B84-4828-9CF5-FDBE4DFAB631}.Release|Any CPU.ActiveCfg = Release|Any CPU
		{670BA20E-5B84-4828-9CF5-FDBE4DFAB631}.Release|Any CPU.Build.0 = Release|Any CPU
	EndGlobalSection
	GlobalSection(SolutionProperties) = preSolution
		HideSolutionNode = FALSE
	EndGlobalSection
EndGlobal
